
Microsoft Visual Studio Solution File, Format Version 11.00
# Visual Studio 2010
Project("{FAE04EC0-301F-11D3-BF4B-00C04F79EFBC}") = "Assembly-CSharp", "Assembly-CSharp.csproj", "{bb9e4c03-6a60-df20-a960-79c1dec431d3}"
EndProject
Project("{FAE04EC0-301F-11D3-BF4B-00C04F79EFBC}") = "QFramework", "QFramework.csproj", "{ce29518d-c68c-8e43-0750-b1b73c349b62}"
EndProject
Global
	GlobalSection(SolutionConfigurationPlatforms) = preSolution
		Debug|Any CPU = Debug|Any CPU
	EndGlobalSection
	GlobalSection(ProjectConfigurationPlatforms) = postSolution
		{bb9e4c03-6a60-df20-a960-79c1dec431d3}.Debug|Any CPU.ActiveCfg = Debug|Any CPU
		{bb9e4c03-6a60-df20-a960-79c1dec431d3}.Debug|Any CPU.Build.0 = Debug|Any CPU
		{ce29518d-c68c-8e43-0750-b1b73c349b62}.Debug|Any CPU.ActiveCfg = Debug|Any CPU
		{ce29518d-c68c-8e43-0750-b1b73c349b62}.Debug|Any CPU.Build.0 = Debug|Any CPU
	EndGlobalSection
	GlobalSection(SolutionProperties) = preSolution
		HideSolutionNode = FALSE
	EndGlobalSection
EndGlobal
